// !$*UTF8*$!
{
	archiveVersion = 1;
	classes = {
	};
	objectVersion = 50;
	objects = {

/* Begin PBXBuildFile section */
		BD6DB45520BDED1B00F8ABDE /* AppDelegate.swift in Sources */ = {isa = PBXBuildFile; fileRef = BD6DB45420BDED1B00F8ABDE /* AppDelegate.swift */; };
		BD6DB45A20BDED1B00F8ABDE /* Main.storyboard in Resources */ = {isa = PBXBuildFile; fileRef = BD6DB45820BDED1B00F8ABDE /* Main.storyboard */; };
		BD6DB45C20BDED1E00F8ABDE /* Assets.xcassets in Resources */ = {isa = PBXBuildFile; fileRef = BD6DB45B20BDED1E00F8ABDE /* Assets.xcassets */; };
		BD6DB46720BDED1E00F8ABDE /* MiniChallenge8Tests.swift in Sources */ = {isa = PBXBuildFile; fileRef = BD6DB46620BDED1E00F8ABDE /* MiniChallenge8Tests.swift */; };
		BD6DB47220BDED1E00F8ABDE /* MiniChallenge8UITests.swift in Sources */ = {isa = PBXBuildFile; fileRef = BD6DB47120BDED1E00F8ABDE /* MiniChallenge8UITests.swift */; };
		BD6DB48620BDF43C00F8ABDE /* AppDelegate.swift in Sources */ = {isa = PBXBuildFile; fileRef = BD6DB48520BDF43C00F8ABDE /* AppDelegate.swift */; };
		BD6DB48B20BDF43C00F8ABDE /* Main.storyboard in Resources */ = {isa = PBXBuildFile; fileRef = BD6DB48920BDF43C00F8ABDE /* Main.storyboard */; };
		BD6DB48D20BDF43D00F8ABDE /* Assets.xcassets in Resources */ = {isa = PBXBuildFile; fileRef = BD6DB48C20BDF43D00F8ABDE /* Assets.xcassets */; };
		BD6DB49020BDF43D00F8ABDE /* LaunchScreen.storyboard in Resources */ = {isa = PBXBuildFile; fileRef = BD6DB48E20BDF43D00F8ABDE /* LaunchScreen.storyboard */; };
		BD6DB49B20BDF43D00F8ABDE /* MiniChallenge8iOSTests.swift in Sources */ = {isa = PBXBuildFile; fileRef = BD6DB49A20BDF43D00F8ABDE /* MiniChallenge8iOSTests.swift */; };
		BD6DB4A620BDF43D00F8ABDE /* MiniChallenge8iOSUITests.swift in Sources */ = {isa = PBXBuildFile; fileRef = BD6DB4A520BDF43D00F8ABDE /* MiniChallenge8iOSUITests.swift */; };
		BD6DB4B220BE1B8400F8ABDE /* MPHelper.swift in Sources */ = {isa = PBXBuildFile; fileRef = BD6DB4B120BE1B8400F8ABDE /* MPHelper.swift */; };
		BD6DB4B420BE250400F8ABDE /* State.swift in Sources */ = {isa = PBXBuildFile; fileRef = BD6DB4B320BE250400F8ABDE /* State.swift */; };
		BD6DB4B620BE28F600F8ABDE /* MPServices.swift in Sources */ = {isa = PBXBuildFile; fileRef = BD6DB4B520BE28F600F8ABDE /* MPServices.swift */; };
		BD6DB4BE20BE2B8200F8ABDE /* TurnState.swift in Sources */ = {isa = PBXBuildFile; fileRef = BD6DB4BD20BE2B8200F8ABDE /* TurnState.swift */; };
		BD6DB4C020BE2B9600F8ABDE /* RoundWinnerState.swift in Sources */ = {isa = PBXBuildFile; fileRef = BD6DB4BF20BE2B9600F8ABDE /* RoundWinnerState.swift */; };
		BD6DB4C220BE2BA100F8ABDE /* NextRoundState.swift in Sources */ = {isa = PBXBuildFile; fileRef = BD6DB4C120BE2BA100F8ABDE /* NextRoundState.swift */; };
		BD6DB4CB20BE362D00F8ABDE /* BattleWinnerState.swift in Sources */ = {isa = PBXBuildFile; fileRef = BD6DB4CA20BE362D00F8ABDE /* BattleWinnerState.swift */; };
		BD6DB4CE20BE366400F8ABDE /* StartBattleState.swift in Sources */ = {isa = PBXBuildFile; fileRef = BD6DB4CD20BE366400F8ABDE /* StartBattleState.swift */; };
		BD6DB4D320BEDEA900F8ABDE /* Player.swift in Sources */ = {isa = PBXBuildFile; fileRef = BD6DB4D220BEDEA900F8ABDE /* Player.swift */; };
		BD6DB4D620BEE11D00F8ABDE /* BattleGameViewController.swift in Sources */ = {isa = PBXBuildFile; fileRef = BD6DB4D520BEE11D00F8ABDE /* BattleGameViewController.swift */; };
		BD7799C720BEE5DF0081C42F /* Battle.swift in Sources */ = {isa = PBXBuildFile; fileRef = BD7799C620BEE5DF0081C42F /* Battle.swift */; };
		BD7799C920BEE64C0081C42F /* Round.swift in Sources */ = {isa = PBXBuildFile; fileRef = BD7799C820BEE64C0081C42F /* Round.swift */; };
		BD7799CB20BEE6550081C42F /* Turn.swift in Sources */ = {isa = PBXBuildFile; fileRef = BD7799CA20BEE6550081C42F /* Turn.swift */; };
		BD7799CD20BEE8150081C42F /* Championship.swift in Sources */ = {isa = PBXBuildFile; fileRef = BD7799CC20BEE8150081C42F /* Championship.swift */; };
		BD7799CE20BF132C0081C42F /* Player.swift in Sources */ = {isa = PBXBuildFile; fileRef = BD6DB4D220BEDEA900F8ABDE /* Player.swift */; };
		BD7799CF20BF132C0081C42F /* Battle.swift in Sources */ = {isa = PBXBuildFile; fileRef = BD7799C620BEE5DF0081C42F /* Battle.swift */; };
		BD7799D020BF132C0081C42F /* Round.swift in Sources */ = {isa = PBXBuildFile; fileRef = BD7799C820BEE64C0081C42F /* Round.swift */; };
		BD7799D120BF132C0081C42F /* Turn.swift in Sources */ = {isa = PBXBuildFile; fileRef = BD7799CA20BEE6550081C42F /* Turn.swift */; };
		BD7799D220BF132C0081C42F /* Championship.swift in Sources */ = {isa = PBXBuildFile; fileRef = BD7799CC20BEE8150081C42F /* Championship.swift */; };
		BD7799D820BF13A10081C42F /* MPHelper.swift in Sources */ = {isa = PBXBuildFile; fileRef = BD7799D720BF13A10081C42F /* MPHelper.swift */; };
		BD7799DC20BF28EC0081C42F /* MPServices.swift in Sources */ = {isa = PBXBuildFile; fileRef = BD6DB4B520BE28F600F8ABDE /* MPServices.swift */; };
		BD7799E020BF419B0081C42F /* pricedown bl.ttf in Resources */ = {isa = PBXBuildFile; fileRef = BD7799DF20BF419B0081C42F /* pricedown bl.ttf */; };
		BD7799E120BF419B0081C42F /* pricedown bl.ttf in Resources */ = {isa = PBXBuildFile; fileRef = BD7799DF20BF419B0081C42F /* pricedown bl.ttf */; };
		BD7799E420BF42380081C42F /* WaitingViewController.swift in Sources */ = {isa = PBXBuildFile; fileRef = BD7799E220BF42380081C42F /* WaitingViewController.swift */; };
		BD7799E620BF45100081C42F /* ReactionViewController.swift in Sources */ = {isa = PBXBuildFile; fileRef = BD7799E520BF45100081C42F /* ReactionViewController.swift */; };
		BD7799E820BF45850081C42F /* PreBattleViewController.swift in Sources */ = {isa = PBXBuildFile; fileRef = BD7799E720BF45850081C42F /* PreBattleViewController.swift */; };
		BD7799EC20C1D7600081C42F /* ConnectedPlayersViewController.swift in Sources */ = {isa = PBXBuildFile; fileRef = BD7799EB20C1D7600081C42F /* ConnectedPlayersViewController.swift */; };
		BD91F25920C2DED2004E28D8 /* ConnectedPlayersCollectionViewCell.swift in Sources */ = {isa = PBXBuildFile; fileRef = BD91F25820C2DED2004E28D8 /* ConnectedPlayersCollectionViewCell.swift */; };
		BD91F25C20C2F0CF004E28D8 /* ConnectedPlayersCellView.xib in Resources */ = {isa = PBXBuildFile; fileRef = BD91F25B20C2F0CF004E28D8 /* ConnectedPlayersCellView.xib */; };
		BD91F25E20C2F323004E28D8 /* ConnectedPlayersView.swift in Sources */ = {isa = PBXBuildFile; fileRef = BD91F25D20C2F323004E28D8 /* ConnectedPlayersView.swift */; };
		BD91F26620C700BA004E28D8 /* PreBattleViewControllerTVOS.swift in Sources */ = {isa = PBXBuildFile; fileRef = BD91F26520C700BA004E28D8 /* PreBattleViewControllerTVOS.swift */; };
		EC0564F220C5DE690044397F /* AvoidingMergeViewController.swift in Sources */ = {isa = PBXBuildFile; fileRef = EC0564F120C5DE690044397F /* AvoidingMergeViewController.swift */; };
		EC0564F420C981950044397F /* beat01-tvOS.mp3 in Resources */ = {isa = PBXBuildFile; fileRef = EC0564F320C981950044397F /* beat01-tvOS.mp3 */; };
		EC25C89B20C17AB800BB970F /* ChooseCharacterViewController.swift in Sources */ = {isa = PBXBuildFile; fileRef = EC25C89A20C17AB800BB970F /* ChooseCharacterViewController.swift */; };
		EC75AE9520C17F030074E435 /* CharacterCollectionViewCell.swift in Sources */ = {isa = PBXBuildFile; fileRef = EC75AE9420C17F030074E435 /* CharacterCollectionViewCell.swift */; };
/* End PBXBuildFile section */

/* Begin PBXContainerItemProxy section */
		BD6DB46320BDED1E00F8ABDE /* PBXContainerItemProxy */ = {
			isa = PBXContainerItemProxy;
			containerPortal = BD6DB44920BDED1B00F8ABDE /* Project object */;
			proxyType = 1;
			remoteGlobalIDString = BD6DB45020BDED1B00F8ABDE;
			remoteInfo = MiniChallenge8;
		};
		BD6DB46E20BDED1E00F8ABDE /* PBXContainerItemProxy */ = {
			isa = PBXContainerItemProxy;
			containerPortal = BD6DB44920BDED1B00F8ABDE /* Project object */;
			proxyType = 1;
			remoteGlobalIDString = BD6DB45020BDED1B00F8ABDE;
			remoteInfo = MiniChallenge8;
		};
		BD6DB49720BDF43D00F8ABDE /* PBXContainerItemProxy */ = {
			isa = PBXContainerItemProxy;
			containerPortal = BD6DB44920BDED1B00F8ABDE /* Project object */;
			proxyType = 1;
			remoteGlobalIDString = BD6DB48220BDF43C00F8ABDE;
			remoteInfo = MiniChallenge8iOS;
		};
		BD6DB4A220BDF43D00F8ABDE /* PBXContainerItemProxy */ = {
			isa = PBXContainerItemProxy;
			containerPortal = BD6DB44920BDED1B00F8ABDE /* Project object */;
			proxyType = 1;
			remoteGlobalIDString = BD6DB48220BDF43C00F8ABDE;
			remoteInfo = MiniChallenge8iOS;
		};
/* End PBXContainerItemProxy section */

/* Begin PBXFileReference section */
		BD6DB45120BDED1B00F8ABDE /* MiniChallenge8.app */ = {isa = PBXFileReference; explicitFileType = wrapper.application; includeInIndex = 0; path = MiniChallenge8.app; sourceTree = BUILT_PRODUCTS_DIR; };
		BD6DB45420BDED1B00F8ABDE /* AppDelegate.swift */ = {isa = PBXFileReference; lastKnownFileType = sourcecode.swift; path = AppDelegate.swift; sourceTree = "<group>"; };
		BD6DB45920BDED1B00F8ABDE /* Base */ = {isa = PBXFileReference; lastKnownFileType = file.storyboard; name = Base; path = Base.lproj/Main.storyboard; sourceTree = "<group>"; };
		BD6DB45B20BDED1E00F8ABDE /* Assets.xcassets */ = {isa = PBXFileReference; lastKnownFileType = folder.assetcatalog; path = Assets.xcassets; sourceTree = "<group>"; };
		BD6DB45D20BDED1E00F8ABDE /* Info.plist */ = {isa = PBXFileReference; lastKnownFileType = text.plist.xml; path = Info.plist; sourceTree = "<group>"; };
		BD6DB46220BDED1E00F8ABDE /* MiniChallenge8Tests.xctest */ = {isa = PBXFileReference; explicitFileType = wrapper.cfbundle; includeInIndex = 0; path = MiniChallenge8Tests.xctest; sourceTree = BUILT_PRODUCTS_DIR; };
		BD6DB46620BDED1E00F8ABDE /* MiniChallenge8Tests.swift */ = {isa = PBXFileReference; lastKnownFileType = sourcecode.swift; path = MiniChallenge8Tests.swift; sourceTree = "<group>"; };
		BD6DB46820BDED1E00F8ABDE /* Info.plist */ = {isa = PBXFileReference; lastKnownFileType = text.plist.xml; path = Info.plist; sourceTree = "<group>"; };
		BD6DB46D20BDED1E00F8ABDE /* MiniChallenge8UITests.xctest */ = {isa = PBXFileReference; explicitFileType = wrapper.cfbundle; includeInIndex = 0; path = MiniChallenge8UITests.xctest; sourceTree = BUILT_PRODUCTS_DIR; };
		BD6DB47120BDED1E00F8ABDE /* MiniChallenge8UITests.swift */ = {isa = PBXFileReference; lastKnownFileType = sourcecode.swift; path = MiniChallenge8UITests.swift; sourceTree = "<group>"; };
		BD6DB47320BDED1E00F8ABDE /* Info.plist */ = {isa = PBXFileReference; lastKnownFileType = text.plist.xml; path = Info.plist; sourceTree = "<group>"; };
		BD6DB48320BDF43C00F8ABDE /* MiniChallenge8iOS.app */ = {isa = PBXFileReference; explicitFileType = wrapper.application; includeInIndex = 0; path = MiniChallenge8iOS.app; sourceTree = BUILT_PRODUCTS_DIR; };
		BD6DB48520BDF43C00F8ABDE /* AppDelegate.swift */ = {isa = PBXFileReference; lastKnownFileType = sourcecode.swift; path = AppDelegate.swift; sourceTree = "<group>"; };
		BD6DB48A20BDF43C00F8ABDE /* Base */ = {isa = PBXFileReference; lastKnownFileType = file.storyboard; name = Base; path = Base.lproj/Main.storyboard; sourceTree = "<group>"; };
		BD6DB48C20BDF43D00F8ABDE /* Assets.xcassets */ = {isa = PBXFileReference; lastKnownFileType = folder.assetcatalog; path = Assets.xcassets; sourceTree = "<group>"; };
		BD6DB48F20BDF43D00F8ABDE /* Base */ = {isa = PBXFileReference; lastKnownFileType = file.storyboard; name = Base; path = Base.lproj/LaunchScreen.storyboard; sourceTree = "<group>"; };
		BD6DB49120BDF43D00F8ABDE /* Info.plist */ = {isa = PBXFileReference; lastKnownFileType = text.plist.xml; path = Info.plist; sourceTree = "<group>"; };
		BD6DB49620BDF43D00F8ABDE /* MiniChallenge8iOSTests.xctest */ = {isa = PBXFileReference; explicitFileType = wrapper.cfbundle; includeInIndex = 0; path = MiniChallenge8iOSTests.xctest; sourceTree = BUILT_PRODUCTS_DIR; };
		BD6DB49A20BDF43D00F8ABDE /* MiniChallenge8iOSTests.swift */ = {isa = PBXFileReference; lastKnownFileType = sourcecode.swift; path = MiniChallenge8iOSTests.swift; sourceTree = "<group>"; };
		BD6DB49C20BDF43D00F8ABDE /* Info.plist */ = {isa = PBXFileReference; lastKnownFileType = text.plist.xml; path = Info.plist; sourceTree = "<group>"; };
		BD6DB4A120BDF43D00F8ABDE /* MiniChallenge8iOSUITests.xctest */ = {isa = PBXFileReference; explicitFileType = wrapper.cfbundle; includeInIndex = 0; path = MiniChallenge8iOSUITests.xctest; sourceTree = BUILT_PRODUCTS_DIR; };
		BD6DB4A520BDF43D00F8ABDE /* MiniChallenge8iOSUITests.swift */ = {isa = PBXFileReference; lastKnownFileType = sourcecode.swift; path = MiniChallenge8iOSUITests.swift; sourceTree = "<group>"; };
		BD6DB4A720BDF43D00F8ABDE /* Info.plist */ = {isa = PBXFileReference; lastKnownFileType = text.plist.xml; path = Info.plist; sourceTree = "<group>"; };
		BD6DB4B120BE1B8400F8ABDE /* MPHelper.swift */ = {isa = PBXFileReference; lastKnownFileType = sourcecode.swift; path = MPHelper.swift; sourceTree = "<group>"; };
		BD6DB4B320BE250400F8ABDE /* State.swift */ = {isa = PBXFileReference; lastKnownFileType = sourcecode.swift; path = State.swift; sourceTree = "<group>"; };
		BD6DB4B520BE28F600F8ABDE /* MPServices.swift */ = {isa = PBXFileReference; lastKnownFileType = sourcecode.swift; path = MPServices.swift; sourceTree = "<group>"; };
		BD6DB4BD20BE2B8200F8ABDE /* TurnState.swift */ = {isa = PBXFileReference; lastKnownFileType = sourcecode.swift; path = TurnState.swift; sourceTree = "<group>"; };
		BD6DB4BF20BE2B9600F8ABDE /* RoundWinnerState.swift */ = {isa = PBXFileReference; lastKnownFileType = sourcecode.swift; path = RoundWinnerState.swift; sourceTree = "<group>"; };
		BD6DB4C120BE2BA100F8ABDE /* NextRoundState.swift */ = {isa = PBXFileReference; lastKnownFileType = sourcecode.swift; path = NextRoundState.swift; sourceTree = "<group>"; };
		BD6DB4CA20BE362D00F8ABDE /* BattleWinnerState.swift */ = {isa = PBXFileReference; lastKnownFileType = sourcecode.swift; path = BattleWinnerState.swift; sourceTree = "<group>"; };
		BD6DB4CD20BE366400F8ABDE /* StartBattleState.swift */ = {isa = PBXFileReference; lastKnownFileType = sourcecode.swift; path = StartBattleState.swift; sourceTree = "<group>"; };
		BD6DB4D220BEDEA900F8ABDE /* Player.swift */ = {isa = PBXFileReference; lastKnownFileType = sourcecode.swift; path = Player.swift; sourceTree = "<group>"; };
		BD6DB4D520BEE11D00F8ABDE /* BattleGameViewController.swift */ = {isa = PBXFileReference; lastKnownFileType = sourcecode.swift; path = BattleGameViewController.swift; sourceTree = "<group>"; };
		BD7799C620BEE5DF0081C42F /* Battle.swift */ = {isa = PBXFileReference; lastKnownFileType = sourcecode.swift; path = Battle.swift; sourceTree = "<group>"; };
		BD7799C820BEE64C0081C42F /* Round.swift */ = {isa = PBXFileReference; lastKnownFileType = sourcecode.swift; path = Round.swift; sourceTree = "<group>"; };
		BD7799CA20BEE6550081C42F /* Turn.swift */ = {isa = PBXFileReference; lastKnownFileType = sourcecode.swift; path = Turn.swift; sourceTree = "<group>"; };
		BD7799CC20BEE8150081C42F /* Championship.swift */ = {isa = PBXFileReference; lastKnownFileType = sourcecode.swift; path = Championship.swift; sourceTree = "<group>"; };
		BD7799D720BF13A10081C42F /* MPHelper.swift */ = {isa = PBXFileReference; lastKnownFileType = sourcecode.swift; path = MPHelper.swift; sourceTree = "<group>"; };
		BD7799DF20BF419B0081C42F /* pricedown bl.ttf */ = {isa = PBXFileReference; lastKnownFileType = file; path = "pricedown bl.ttf"; sourceTree = "<group>"; };
		BD7799E220BF42380081C42F /* WaitingViewController.swift */ = {isa = PBXFileReference; lastKnownFileType = sourcecode.swift; path = WaitingViewController.swift; sourceTree = "<group>"; };
		BD7799E520BF45100081C42F /* ReactionViewController.swift */ = {isa = PBXFileReference; lastKnownFileType = sourcecode.swift; path = ReactionViewController.swift; sourceTree = "<group>"; };
		BD7799E720BF45850081C42F /* PreBattleViewController.swift */ = {isa = PBXFileReference; lastKnownFileType = sourcecode.swift; path = PreBattleViewController.swift; sourceTree = "<group>"; };
		BD7799EB20C1D7600081C42F /* ConnectedPlayersViewController.swift */ = {isa = PBXFileReference; lastKnownFileType = sourcecode.swift; path = ConnectedPlayersViewController.swift; sourceTree = "<group>"; };
		BD91F25820C2DED2004E28D8 /* ConnectedPlayersCollectionViewCell.swift */ = {isa = PBXFileReference; lastKnownFileType = sourcecode.swift; path = ConnectedPlayersCollectionViewCell.swift; sourceTree = "<group>"; };
		BD91F25B20C2F0CF004E28D8 /* ConnectedPlayersCellView.xib */ = {isa = PBXFileReference; lastKnownFileType = file.xib; path = ConnectedPlayersCellView.xib; sourceTree = "<group>"; };
		BD91F25D20C2F323004E28D8 /* ConnectedPlayersView.swift */ = {isa = PBXFileReference; lastKnownFileType = sourcecode.swift; path = ConnectedPlayersView.swift; sourceTree = "<group>"; };
		BD91F26520C700BA004E28D8 /* PreBattleViewControllerTVOS.swift */ = {isa = PBXFileReference; fileEncoding = 4; lastKnownFileType = sourcecode.swift; path = PreBattleViewControllerTVOS.swift; sourceTree = "<group>"; };
		EC0564F120C5DE690044397F /* AvoidingMergeViewController.swift */ = {isa = PBXFileReference; lastKnownFileType = sourcecode.swift; path = AvoidingMergeViewController.swift; sourceTree = "<group>"; };
		EC0564F320C981950044397F /* beat01-tvOS.mp3 */ = {isa = PBXFileReference; lastKnownFileType = audio.mp3; path = "beat01-tvOS.mp3"; sourceTree = "<group>"; };
		EC25C89A20C17AB800BB970F /* ChooseCharacterViewController.swift */ = {isa = PBXFileReference; lastKnownFileType = sourcecode.swift; path = ChooseCharacterViewController.swift; sourceTree = "<group>"; };
		EC75AE9420C17F030074E435 /* CharacterCollectionViewCell.swift */ = {isa = PBXFileReference; lastKnownFileType = sourcecode.swift; path = CharacterCollectionViewCell.swift; sourceTree = "<group>"; };
/* End PBXFileReference section */

/* Begin PBXFrameworksBuildPhase section */
		BD6DB44E20BDED1B00F8ABDE /* Frameworks */ = {
			isa = PBXFrameworksBuildPhase;
			buildActionMask = 2147483647;
			files = (
			);
			runOnlyForDeploymentPostprocessing = 0;
		};
		BD6DB45F20BDED1E00F8ABDE /* Frameworks */ = {
			isa = PBXFrameworksBuildPhase;
			buildActionMask = 2147483647;
			files = (
			);
			runOnlyForDeploymentPostprocessing = 0;
		};
		BD6DB46A20BDED1E00F8ABDE /* Frameworks */ = {
			isa = PBXFrameworksBuildPhase;
			buildActionMask = 2147483647;
			files = (
			);
			runOnlyForDeploymentPostprocessing = 0;
		};
		BD6DB48020BDF43C00F8ABDE /* Frameworks */ = {
			isa = PBXFrameworksBuildPhase;
			buildActionMask = 2147483647;
			files = (
			);
			runOnlyForDeploymentPostprocessing = 0;
		};
		BD6DB49320BDF43D00F8ABDE /* Frameworks */ = {
			isa = PBXFrameworksBuildPhase;
			buildActionMask = 2147483647;
			files = (
			);
			runOnlyForDeploymentPostprocessing = 0;
		};
		BD6DB49E20BDF43D00F8ABDE /* Frameworks */ = {
			isa = PBXFrameworksBuildPhase;
			buildActionMask = 2147483647;
			files = (
			);
			runOnlyForDeploymentPostprocessing = 0;
		};
/* End PBXFrameworksBuildPhase section */

/* Begin PBXGroup section */
		BD6DB44820BDED1B00F8ABDE = {
			isa = PBXGroup;
			children = (
				BD6DB45320BDED1B00F8ABDE /* MiniChallenge8 */,
				BD6DB46520BDED1E00F8ABDE /* MiniChallenge8Tests */,
				BD6DB47020BDED1E00F8ABDE /* MiniChallenge8UITests */,
				BD6DB48420BDF43C00F8ABDE /* MiniChallenge8iOS */,
				BD6DB49920BDF43D00F8ABDE /* MiniChallenge8iOSTests */,
				BD6DB4A420BDF43D00F8ABDE /* MiniChallenge8iOSUITests */,
				BD6DB45220BDED1B00F8ABDE /* Products */,
			);
			sourceTree = "<group>";
		};
		BD6DB45220BDED1B00F8ABDE /* Products */ = {
			isa = PBXGroup;
			children = (
				BD6DB45120BDED1B00F8ABDE /* MiniChallenge8.app */,
				BD6DB46220BDED1E00F8ABDE /* MiniChallenge8Tests.xctest */,
				BD6DB46D20BDED1E00F8ABDE /* MiniChallenge8UITests.xctest */,
				BD6DB48320BDF43C00F8ABDE /* MiniChallenge8iOS.app */,
				BD6DB49620BDF43D00F8ABDE /* MiniChallenge8iOSTests.xctest */,
				BD6DB4A120BDF43D00F8ABDE /* MiniChallenge8iOSUITests.xctest */,
			);
			name = Products;
			sourceTree = "<group>";
		};
		BD6DB45320BDED1B00F8ABDE /* MiniChallenge8 */ = {
			isa = PBXGroup;
			children = (
				BD6DB4D820BEE24C00F8ABDE /* Storyboards */,
				BD6DB4D920BEE25300F8ABDE /* ViewControllers */,
				BD6DB4B820BE292500F8ABDE /* States */,
				BD6DB4D420BEDEB300F8ABDE /* Model */,
				BD6DB4B720BE28FD00F8ABDE /* Multipeer */,
				BD6DB4D720BEE23E00F8ABDE /* Misc */,
			);
			path = MiniChallenge8;
			sourceTree = "<group>";
		};
		BD6DB46520BDED1E00F8ABDE /* MiniChallenge8Tests */ = {
			isa = PBXGroup;
			children = (
				BD6DB46620BDED1E00F8ABDE /* MiniChallenge8Tests.swift */,
				BD6DB46820BDED1E00F8ABDE /* Info.plist */,
			);
			path = MiniChallenge8Tests;
			sourceTree = "<group>";
		};
		BD6DB47020BDED1E00F8ABDE /* MiniChallenge8UITests */ = {
			isa = PBXGroup;
			children = (
				BD6DB47120BDED1E00F8ABDE /* MiniChallenge8UITests.swift */,
				BD6DB47320BDED1E00F8ABDE /* Info.plist */,
			);
			path = MiniChallenge8UITests;
			sourceTree = "<group>";
		};
		BD6DB48420BDF43C00F8ABDE /* MiniChallenge8iOS */ = {
			isa = PBXGroup;
			children = (
				EC75AE9320C17EE70074E435 /* Models */,
				BD7799DB20BF175B0081C42F /* ViewControllers */,
				BD7799D620BF137F0081C42F /* Multipeer */,
				BD7799D420BF13690081C42F /* Storyboards */,
				BD7799D320BF13550081C42F /* Misc */,
			);
			path = MiniChallenge8iOS;
			sourceTree = "<group>";
		};
		BD6DB49920BDF43D00F8ABDE /* MiniChallenge8iOSTests */ = {
			isa = PBXGroup;
			children = (
				BD6DB49A20BDF43D00F8ABDE /* MiniChallenge8iOSTests.swift */,
				BD6DB49C20BDF43D00F8ABDE /* Info.plist */,
			);
			path = MiniChallenge8iOSTests;
			sourceTree = "<group>";
		};
		BD6DB4A420BDF43D00F8ABDE /* MiniChallenge8iOSUITests */ = {
			isa = PBXGroup;
			children = (
				BD6DB4A520BDF43D00F8ABDE /* MiniChallenge8iOSUITests.swift */,
				BD6DB4A720BDF43D00F8ABDE /* Info.plist */,
			);
			path = MiniChallenge8iOSUITests;
			sourceTree = "<group>";
		};
		BD6DB4B720BE28FD00F8ABDE /* Multipeer */ = {
			isa = PBXGroup;
			children = (
				BD6DB4B120BE1B8400F8ABDE /* MPHelper.swift */,
				BD6DB4B520BE28F600F8ABDE /* MPServices.swift */,
			);
			path = Multipeer;
			sourceTree = "<group>";
		};
		BD6DB4B820BE292500F8ABDE /* States */ = {
			isa = PBXGroup;
			children = (
				BD6DB4B320BE250400F8ABDE /* State.swift */,
				BD6DB4CD20BE366400F8ABDE /* StartBattleState.swift */,
				BD6DB4BD20BE2B8200F8ABDE /* TurnState.swift */,
				BD6DB4BF20BE2B9600F8ABDE /* RoundWinnerState.swift */,
				BD6DB4C120BE2BA100F8ABDE /* NextRoundState.swift */,
				BD6DB4CA20BE362D00F8ABDE /* BattleWinnerState.swift */,
			);
			path = States;
			sourceTree = "<group>";
		};
		BD6DB4D420BEDEB300F8ABDE /* Model */ = {
			isa = PBXGroup;
			children = (
				BD6DB4D220BEDEA900F8ABDE /* Player.swift */,
				BD7799C620BEE5DF0081C42F /* Battle.swift */,
				BD7799C820BEE64C0081C42F /* Round.swift */,
				BD7799CA20BEE6550081C42F /* Turn.swift */,
				BD7799CC20BEE8150081C42F /* Championship.swift */,
			);
			path = Model;
			sourceTree = "<group>";
		};
		BD6DB4D720BEE23E00F8ABDE /* Misc */ = {
			isa = PBXGroup;
			children = (
				EC0564F320C981950044397F /* beat01-tvOS.mp3 */,
				BD6DB45420BDED1B00F8ABDE /* AppDelegate.swift */,
				BD6DB45B20BDED1E00F8ABDE /* Assets.xcassets */,
				BD6DB45D20BDED1E00F8ABDE /* Info.plist */,
			);
			path = Misc;
			sourceTree = "<group>";
		};
		BD6DB4D820BEE24C00F8ABDE /* Storyboards */ = {
			isa = PBXGroup;
			children = (
				BD6DB45820BDED1B00F8ABDE /* Main.storyboard */,
				BD91F25F20C2F328004E28D8 /* Custom Views */,
			);
			path = Storyboards;
			sourceTree = "<group>";
		};
		BD6DB4D920BEE25300F8ABDE /* ViewControllers */ = {
			isa = PBXGroup;
			children = (
				BD91F26520C700BA004E28D8 /* PreBattleViewControllerTVOS.swift */,
				BD6DB4D520BEE11D00F8ABDE /* BattleGameViewController.swift */,
				BD91F25A20C2DF25004E28D8 /* ConnectedPlayersView */,
				EC0564F120C5DE690044397F /* AvoidingMergeViewController.swift */,
			);
			path = ViewControllers;
			sourceTree = "<group>";
		};
		BD7799D320BF13550081C42F /* Misc */ = {
			isa = PBXGroup;
			children = (
				BD7799DF20BF419B0081C42F /* pricedown bl.ttf */,
				BD6DB48520BDF43C00F8ABDE /* AppDelegate.swift */,
				BD6DB48C20BDF43D00F8ABDE /* Assets.xcassets */,
				BD6DB49120BDF43D00F8ABDE /* Info.plist */,
			);
			path = Misc;
			sourceTree = "<group>";
		};
		BD7799D420BF13690081C42F /* Storyboards */ = {
			isa = PBXGroup;
			children = (
				BD6DB48920BDF43C00F8ABDE /* Main.storyboard */,
				BD6DB48E20BDF43D00F8ABDE /* LaunchScreen.storyboard */,
			);
			path = Storyboards;
			sourceTree = "<group>";
		};
		BD7799D620BF137F0081C42F /* Multipeer */ = {
			isa = PBXGroup;
			children = (
				BD7799D720BF13A10081C42F /* MPHelper.swift */,
			);
			path = Multipeer;
			sourceTree = "<group>";
		};
		BD7799DB20BF175B0081C42F /* ViewControllers */ = {
			isa = PBXGroup;
			children = (
				BD7799E220BF42380081C42F /* WaitingViewController.swift */,
				BD7799E520BF45100081C42F /* ReactionViewController.swift */,
				BD7799E720BF45850081C42F /* PreBattleViewController.swift */,
				EC25C89A20C17AB800BB970F /* ChooseCharacterViewController.swift */,
			);
			path = ViewControllers;
			sourceTree = "<group>";
		};
		BD91F25A20C2DF25004E28D8 /* ConnectedPlayersView */ = {
			isa = PBXGroup;
			children = (
				BD7799EB20C1D7600081C42F /* ConnectedPlayersViewController.swift */,
				BD91F25820C2DED2004E28D8 /* ConnectedPlayersCollectionViewCell.swift */,
			);
			path = ConnectedPlayersView;
			sourceTree = "<group>";
		};
		BD91F25F20C2F328004E28D8 /* Custom Views */ = {
			isa = PBXGroup;
			children = (
				BD91F25B20C2F0CF004E28D8 /* ConnectedPlayersCellView.xib */,
				BD91F25D20C2F323004E28D8 /* ConnectedPlayersView.swift */,
			);
			path = "Custom Views";
			sourceTree = "<group>";
		};
		EC75AE9320C17EE70074E435 /* Models */ = {
			isa = PBXGroup;
			children = (
				EC75AE9420C17F030074E435 /* CharacterCollectionViewCell.swift */,
			);
			path = Models;
			sourceTree = "<group>";
		};
/* End PBXGroup section */

/* Begin PBXNativeTarget section */
		BD6DB45020BDED1B00F8ABDE /* MiniChallenge8 */ = {
			isa = PBXNativeTarget;
			buildConfigurationList = BD6DB47620BDED1E00F8ABDE /* Build configuration list for PBXNativeTarget "MiniChallenge8" */;
			buildPhases = (
				BD6DB44D20BDED1B00F8ABDE /* Sources */,
				BD6DB44E20BDED1B00F8ABDE /* Frameworks */,
				BD6DB44F20BDED1B00F8ABDE /* Resources */,
			);
			buildRules = (
			);
			dependencies = (
			);
			name = MiniChallenge8;
			productName = MiniChallenge8;
			productReference = BD6DB45120BDED1B00F8ABDE /* MiniChallenge8.app */;
			productType = "com.apple.product-type.application";
		};
		BD6DB46120BDED1E00F8ABDE /* MiniChallenge8Tests */ = {
			isa = PBXNativeTarget;
			buildConfigurationList = BD6DB47920BDED1E00F8ABDE /* Build configuration list for PBXNativeTarget "MiniChallenge8Tests" */;
			buildPhases = (
				BD6DB45E20BDED1E00F8ABDE /* Sources */,
				BD6DB45F20BDED1E00F8ABDE /* Frameworks */,
				BD6DB46020BDED1E00F8ABDE /* Resources */,
			);
			buildRules = (
			);
			dependencies = (
				BD6DB46420BDED1E00F8ABDE /* PBXTargetDependency */,
			);
			name = MiniChallenge8Tests;
			productName = MiniChallenge8Tests;
			productReference = BD6DB46220BDED1E00F8ABDE /* MiniChallenge8Tests.xctest */;
			productType = "com.apple.product-type.bundle.unit-test";
		};
		BD6DB46C20BDED1E00F8ABDE /* MiniChallenge8UITests */ = {
			isa = PBXNativeTarget;
			buildConfigurationList = BD6DB47C20BDED1E00F8ABDE /* Build configuration list for PBXNativeTarget "MiniChallenge8UITests" */;
			buildPhases = (
				BD6DB46920BDED1E00F8ABDE /* Sources */,
				BD6DB46A20BDED1E00F8ABDE /* Frameworks */,
				BD6DB46B20BDED1E00F8ABDE /* Resources */,
			);
			buildRules = (
			);
			dependencies = (
				BD6DB46F20BDED1E00F8ABDE /* PBXTargetDependency */,
			);
			name = MiniChallenge8UITests;
			productName = MiniChallenge8UITests;
			productReference = BD6DB46D20BDED1E00F8ABDE /* MiniChallenge8UITests.xctest */;
			productType = "com.apple.product-type.bundle.ui-testing";
		};
		BD6DB48220BDF43C00F8ABDE /* MiniChallenge8iOS */ = {
			isa = PBXNativeTarget;
			buildConfigurationList = BD6DB4A820BDF43D00F8ABDE /* Build configuration list for PBXNativeTarget "MiniChallenge8iOS" */;
			buildPhases = (
				BD6DB47F20BDF43C00F8ABDE /* Sources */,
				BD6DB48020BDF43C00F8ABDE /* Frameworks */,
				BD6DB48120BDF43C00F8ABDE /* Resources */,
			);
			buildRules = (
			);
			dependencies = (
			);
			name = MiniChallenge8iOS;
			productName = MiniChallenge8iOS;
			productReference = BD6DB48320BDF43C00F8ABDE /* MiniChallenge8iOS.app */;
			productType = "com.apple.product-type.application";
		};
		BD6DB49520BDF43D00F8ABDE /* MiniChallenge8iOSTests */ = {
			isa = PBXNativeTarget;
			buildConfigurationList = BD6DB4AB20BDF43D00F8ABDE /* Build configuration list for PBXNativeTarget "MiniChallenge8iOSTests" */;
			buildPhases = (
				BD6DB49220BDF43D00F8ABDE /* Sources */,
				BD6DB49320BDF43D00F8ABDE /* Frameworks */,
				BD6DB49420BDF43D00F8ABDE /* Resources */,
			);
			buildRules = (
			);
			dependencies = (
				BD6DB49820BDF43D00F8ABDE /* PBXTargetDependency */,
			);
			name = MiniChallenge8iOSTests;
			productName = MiniChallenge8iOSTests;
			productReference = BD6DB49620BDF43D00F8ABDE /* MiniChallenge8iOSTests.xctest */;
			productType = "com.apple.product-type.bundle.unit-test";
		};
		BD6DB4A020BDF43D00F8ABDE /* MiniChallenge8iOSUITests */ = {
			isa = PBXNativeTarget;
			buildConfigurationList = BD6DB4AE20BDF43D00F8ABDE /* Build configuration list for PBXNativeTarget "MiniChallenge8iOSUITests" */;
			buildPhases = (
				BD6DB49D20BDF43D00F8ABDE /* Sources */,
				BD6DB49E20BDF43D00F8ABDE /* Frameworks */,
				BD6DB49F20BDF43D00F8ABDE /* Resources */,
			);
			buildRules = (
			);
			dependencies = (
				BD6DB4A320BDF43D00F8ABDE /* PBXTargetDependency */,
			);
			name = MiniChallenge8iOSUITests;
			productName = MiniChallenge8iOSUITests;
			productReference = BD6DB4A120BDF43D00F8ABDE /* MiniChallenge8iOSUITests.xctest */;
			productType = "com.apple.product-type.bundle.ui-testing";
		};
/* End PBXNativeTarget section */

/* Begin PBXProject section */
		BD6DB44920BDED1B00F8ABDE /* Project object */ = {
			isa = PBXProject;
			attributes = {
				LastSwiftUpdateCheck = 0930;
				LastUpgradeCheck = 0930;
				ORGANIZATIONNAME = "Guilherme Paciulli";
				TargetAttributes = {
					BD6DB45020BDED1B00F8ABDE = {
						CreatedOnToolsVersion = 9.3.1;
					};
					BD6DB46120BDED1E00F8ABDE = {
						CreatedOnToolsVersion = 9.3.1;
						TestTargetID = BD6DB45020BDED1B00F8ABDE;
					};
					BD6DB46C20BDED1E00F8ABDE = {
						CreatedOnToolsVersion = 9.3.1;
						TestTargetID = BD6DB45020BDED1B00F8ABDE;
					};
					BD6DB48220BDF43C00F8ABDE = {
						CreatedOnToolsVersion = 9.3.1;
					};
					BD6DB49520BDF43D00F8ABDE = {
						CreatedOnToolsVersion = 9.3.1;
						TestTargetID = BD6DB48220BDF43C00F8ABDE;
					};
					BD6DB4A020BDF43D00F8ABDE = {
						CreatedOnToolsVersion = 9.3.1;
						TestTargetID = BD6DB48220BDF43C00F8ABDE;
					};
				};
			};
			buildConfigurationList = BD6DB44C20BDED1B00F8ABDE /* Build configuration list for PBXProject "MiniChallenge8" */;
			compatibilityVersion = "Xcode 9.3";
			developmentRegion = en;
			hasScannedForEncodings = 0;
			knownRegions = (
				en,
				Base,
			);
			mainGroup = BD6DB44820BDED1B00F8ABDE;
			productRefGroup = BD6DB45220BDED1B00F8ABDE /* Products */;
			projectDirPath = "";
			projectRoot = "";
			targets = (
				BD6DB45020BDED1B00F8ABDE /* MiniChallenge8 */,
				BD6DB46120BDED1E00F8ABDE /* MiniChallenge8Tests */,
				BD6DB46C20BDED1E00F8ABDE /* MiniChallenge8UITests */,
				BD6DB48220BDF43C00F8ABDE /* MiniChallenge8iOS */,
				BD6DB49520BDF43D00F8ABDE /* MiniChallenge8iOSTests */,
				BD6DB4A020BDF43D00F8ABDE /* MiniChallenge8iOSUITests */,
			);
		};
/* End PBXProject section */

/* Begin PBXResourcesBuildPhase section */
		BD6DB44F20BDED1B00F8ABDE /* Resources */ = {
			isa = PBXResourcesBuildPhase;
			buildActionMask = 2147483647;
			files = (
				BD7799E020BF419B0081C42F /* pricedown bl.ttf in Resources */,
				BD6DB45C20BDED1E00F8ABDE /* Assets.xcassets in Resources */,
				BD6DB45A20BDED1B00F8ABDE /* Main.storyboard in Resources */,
				EC0564F420C981950044397F /* beat01-tvOS.mp3 in Resources */,
				BD91F25C20C2F0CF004E28D8 /* ConnectedPlayersCellView.xib in Resources */,
			);
			runOnlyForDeploymentPostprocessing = 0;
		};
		BD6DB46020BDED1E00F8ABDE /* Resources */ = {
			isa = PBXResourcesBuildPhase;
			buildActionMask = 2147483647;
			files = (
			);
			runOnlyForDeploymentPostprocessing = 0;
		};
		BD6DB46B20BDED1E00F8ABDE /* Resources */ = {
			isa = PBXResourcesBuildPhase;
			buildActionMask = 2147483647;
			files = (
			);
			runOnlyForDeploymentPostprocessing = 0;
		};
		BD6DB48120BDF43C00F8ABDE /* Resources */ = {
			isa = PBXResourcesBuildPhase;
			buildActionMask = 2147483647;
			files = (
				BD6DB49020BDF43D00F8ABDE /* LaunchScreen.storyboard in Resources */,
				BD7799E120BF419B0081C42F /* pricedown bl.ttf in Resources */,
				BD6DB48D20BDF43D00F8ABDE /* Assets.xcassets in Resources */,
				BD6DB48B20BDF43C00F8ABDE /* Main.storyboard in Resources */,
			);
			runOnlyForDeploymentPostprocessing = 0;
		};
		BD6DB49420BDF43D00F8ABDE /* Resources */ = {
			isa = PBXResourcesBuildPhase;
			buildActionMask = 2147483647;
			files = (
			);
			runOnlyForDeploymentPostprocessing = 0;
		};
		BD6DB49F20BDF43D00F8ABDE /* Resources */ = {
			isa = PBXResourcesBuildPhase;
			buildActionMask = 2147483647;
			files = (
			);
			runOnlyForDeploymentPostprocessing = 0;
		};
/* End PBXResourcesBuildPhase section */

/* Begin PBXSourcesBuildPhase section */
		BD6DB44D20BDED1B00F8ABDE /* Sources */ = {
			isa = PBXSourcesBuildPhase;
			buildActionMask = 2147483647;
			files = (
				BD6DB4D620BEE11D00F8ABDE /* BattleGameViewController.swift in Sources */,
				BD7799CB20BEE6550081C42F /* Turn.swift in Sources */,
				BD6DB4C020BE2B9600F8ABDE /* RoundWinnerState.swift in Sources */,
				BD6DB4C220BE2BA100F8ABDE /* NextRoundState.swift in Sources */,
				EC0564F220C5DE690044397F /* AvoidingMergeViewController.swift in Sources */,
				BD6DB4B620BE28F600F8ABDE /* MPServices.swift in Sources */,
				BD6DB4B220BE1B8400F8ABDE /* MPHelper.swift in Sources */,
				BD7799CD20BEE8150081C42F /* Championship.swift in Sources */,
				BD6DB45520BDED1B00F8ABDE /* AppDelegate.swift in Sources */,
				BD7799EC20C1D7600081C42F /* ConnectedPlayersViewController.swift in Sources */,
				BD6DB4BE20BE2B8200F8ABDE /* TurnState.swift in Sources */,
				BD7799C720BEE5DF0081C42F /* Battle.swift in Sources */,
				BD6DB4CE20BE366400F8ABDE /* StartBattleState.swift in Sources */,
				BD6DB4CB20BE362D00F8ABDE /* BattleWinnerState.swift in Sources */,
				BD91F25E20C2F323004E28D8 /* ConnectedPlayersView.swift in Sources */,
				BD6DB4D320BEDEA900F8ABDE /* Player.swift in Sources */,
				BD91F26620C700BA004E28D8 /* PreBattleViewControllerTVOS.swift in Sources */,
				BD7799C920BEE64C0081C42F /* Round.swift in Sources */,
				BD6DB4B420BE250400F8ABDE /* State.swift in Sources */,
				BD91F25920C2DED2004E28D8 /* ConnectedPlayersCollectionViewCell.swift in Sources */,
			);
			runOnlyForDeploymentPostprocessing = 0;
		};
		BD6DB45E20BDED1E00F8ABDE /* Sources */ = {
			isa = PBXSourcesBuildPhase;
			buildActionMask = 2147483647;
			files = (
				BD6DB46720BDED1E00F8ABDE /* MiniChallenge8Tests.swift in Sources */,
			);
			runOnlyForDeploymentPostprocessing = 0;
		};
		BD6DB46920BDED1E00F8ABDE /* Sources */ = {
			isa = PBXSourcesBuildPhase;
			buildActionMask = 2147483647;
			files = (
				BD6DB47220BDED1E00F8ABDE /* MiniChallenge8UITests.swift in Sources */,
			);
			runOnlyForDeploymentPostprocessing = 0;
		};
		BD6DB47F20BDF43C00F8ABDE /* Sources */ = {
			isa = PBXSourcesBuildPhase;
			buildActionMask = 2147483647;
			files = (
				BD7799E420BF42380081C42F /* WaitingViewController.swift in Sources */,
				BD7799E620BF45100081C42F /* ReactionViewController.swift in Sources */,
				BD7799E820BF45850081C42F /* PreBattleViewController.swift in Sources */,
				EC25C89B20C17AB800BB970F /* ChooseCharacterViewController.swift in Sources */,
				BD7799DC20BF28EC0081C42F /* MPServices.swift in Sources */,
				EC75AE9520C17F030074E435 /* CharacterCollectionViewCell.swift in Sources */,
				BD7799CE20BF132C0081C42F /* Player.swift in Sources */,
				BD6DB48620BDF43C00F8ABDE /* AppDelegate.swift in Sources */,
				BD7799D020BF132C0081C42F /* Round.swift in Sources */,
				BD7799D220BF132C0081C42F /* Championship.swift in Sources */,
				BD7799D120BF132C0081C42F /* Turn.swift in Sources */,
				BD7799CF20BF132C0081C42F /* Battle.swift in Sources */,
				BD7799D820BF13A10081C42F /* MPHelper.swift in Sources */,
			);
			runOnlyForDeploymentPostprocessing = 0;
		};
		BD6DB49220BDF43D00F8ABDE /* Sources */ = {
			isa = PBXSourcesBuildPhase;
			buildActionMask = 2147483647;
			files = (
				BD6DB49B20BDF43D00F8ABDE /* MiniChallenge8iOSTests.swift in Sources */,
			);
			runOnlyForDeploymentPostprocessing = 0;
		};
		BD6DB49D20BDF43D00F8ABDE /* Sources */ = {
			isa = PBXSourcesBuildPhase;
			buildActionMask = 2147483647;
			files = (
				BD6DB4A620BDF43D00F8ABDE /* MiniChallenge8iOSUITests.swift in Sources */,
			);
			runOnlyForDeploymentPostprocessing = 0;
		};
/* End PBXSourcesBuildPhase section */

/* Begin PBXTargetDependency section */
		BD6DB46420BDED1E00F8ABDE /* PBXTargetDependency */ = {
			isa = PBXTargetDependency;
			target = BD6DB45020BDED1B00F8ABDE /* MiniChallenge8 */;
			targetProxy = BD6DB46320BDED1E00F8ABDE /* PBXContainerItemProxy */;
		};
		BD6DB46F20BDED1E00F8ABDE /* PBXTargetDependency */ = {
			isa = PBXTargetDependency;
			target = BD6DB45020BDED1B00F8ABDE /* MiniChallenge8 */;
			targetProxy = BD6DB46E20BDED1E00F8ABDE /* PBXContainerItemProxy */;
		};
		BD6DB49820BDF43D00F8ABDE /* PBXTargetDependency */ = {
			isa = PBXTargetDependency;
			target = BD6DB48220BDF43C00F8ABDE /* MiniChallenge8iOS */;
			targetProxy = BD6DB49720BDF43D00F8ABDE /* PBXContainerItemProxy */;
		};
		BD6DB4A320BDF43D00F8ABDE /* PBXTargetDependency */ = {
			isa = PBXTargetDependency;
			target = BD6DB48220BDF43C00F8ABDE /* MiniChallenge8iOS */;
			targetProxy = BD6DB4A220BDF43D00F8ABDE /* PBXContainerItemProxy */;
		};
/* End PBXTargetDependency section */

/* Begin PBXVariantGroup section */
		BD6DB45820BDED1B00F8ABDE /* Main.storyboard */ = {
			isa = PBXVariantGroup;
			children = (
				BD6DB45920BDED1B00F8ABDE /* Base */,
			);
			name = Main.storyboard;
			sourceTree = "<group>";
		};
		BD6DB48920BDF43C00F8ABDE /* Main.storyboard */ = {
			isa = PBXVariantGroup;
			children = (
				BD6DB48A20BDF43C00F8ABDE /* Base */,
			);
			name = Main.storyboard;
			sourceTree = "<group>";
		};
		BD6DB48E20BDF43D00F8ABDE /* LaunchScreen.storyboard */ = {
			isa = PBXVariantGroup;
			children = (
				BD6DB48F20BDF43D00F8ABDE /* Base */,
			);
			name = LaunchScreen.storyboard;
			sourceTree = "<group>";
		};
/* End PBXVariantGroup section */

/* Begin XCBuildConfiguration section */
		BD6DB47420BDED1E00F8ABDE /* Debug */ = {
			isa = XCBuildConfiguration;
			buildSettings = {
				ALWAYS_SEARCH_USER_PATHS = NO;
				CLANG_ANALYZER_NONNULL = YES;
				CLANG_ANALYZER_NUMBER_OBJECT_CONVERSION = YES_AGGRESSIVE;
				CLANG_CXX_LANGUAGE_STANDARD = "gnu++14";
				CLANG_CXX_LIBRARY = "libc++";
				CLANG_ENABLE_MODULES = YES;
				CLANG_ENABLE_OBJC_ARC = YES;
				CLANG_ENABLE_OBJC_WEAK = YES;
				CLANG_WARN_BLOCK_CAPTURE_AUTORELEASING = YES;
				CLANG_WARN_BOOL_CONVERSION = YES;
				CLANG_WARN_COMMA = YES;
				CLANG_WARN_CONSTANT_CONVERSION = YES;
				CLANG_WARN_DEPRECATED_OBJC_IMPLEMENTATIONS = YES;
				CLANG_WARN_DIRECT_OBJC_ISA_USAGE = YES_ERROR;
				CLANG_WARN_DOCUMENTATION_COMMENTS = YES;
				CLANG_WARN_EMPTY_BODY = YES;
				CLANG_WARN_ENUM_CONVERSION = YES;
				CLANG_WARN_INFINITE_RECURSION = YES;
				CLANG_WARN_INT_CONVERSION = YES;
				CLANG_WARN_NON_LITERAL_NULL_CONVERSION = YES;
				CLANG_WARN_OBJC_IMPLICIT_RETAIN_SELF = YES;
				CLANG_WARN_OBJC_LITERAL_CONVERSION = YES;
				CLANG_WARN_OBJC_ROOT_CLASS = YES_ERROR;
				CLANG_WARN_RANGE_LOOP_ANALYSIS = YES;
				CLANG_WARN_STRICT_PROTOTYPES = YES;
				CLANG_WARN_SUSPICIOUS_MOVE = YES;
				CLANG_WARN_UNGUARDED_AVAILABILITY = YES_AGGRESSIVE;
				CLANG_WARN_UNREACHABLE_CODE = YES;
				CLANG_WARN__DUPLICATE_METHOD_MATCH = YES;
				COPY_PHASE_STRIP = NO;
				DEBUG_INFORMATION_FORMAT = dwarf;
				ENABLE_STRICT_OBJC_MSGSEND = YES;
				ENABLE_TESTABILITY = YES;
				GCC_C_LANGUAGE_STANDARD = gnu11;
				GCC_DYNAMIC_NO_PIC = NO;
				GCC_NO_COMMON_BLOCKS = YES;
				GCC_OPTIMIZATION_LEVEL = 0;
				GCC_PREPROCESSOR_DEFINITIONS = (
					"DEBUG=1",
					"$(inherited)",
				);
				GCC_WARN_64_TO_32_BIT_CONVERSION = YES;
				GCC_WARN_ABOUT_RETURN_TYPE = YES_ERROR;
				GCC_WARN_UNDECLARED_SELECTOR = YES;
				GCC_WARN_UNINITIALIZED_AUTOS = YES_AGGRESSIVE;
				GCC_WARN_UNUSED_FUNCTION = YES;
				GCC_WARN_UNUSED_VARIABLE = YES;
				MTL_ENABLE_DEBUG_INFO = YES;
				ONLY_ACTIVE_ARCH = YES;
				SDKROOT = appletvos;
				SWIFT_ACTIVE_COMPILATION_CONDITIONS = DEBUG;
				SWIFT_OPTIMIZATION_LEVEL = "-Onone";
				TVOS_DEPLOYMENT_TARGET = 11.3;
			};
			name = Debug;
		};
		BD6DB47520BDED1E00F8ABDE /* Release */ = {
			isa = XCBuildConfiguration;
			buildSettings = {
				ALWAYS_SEARCH_USER_PATHS = NO;
				CLANG_ANALYZER_NONNULL = YES;
				CLANG_ANALYZER_NUMBER_OBJECT_CONVERSION = YES_AGGRESSIVE;
				CLANG_CXX_LANGUAGE_STANDARD = "gnu++14";
				CLANG_CXX_LIBRARY = "libc++";
				CLANG_ENABLE_MODULES = YES;
				CLANG_ENABLE_OBJC_ARC = YES;
				CLANG_ENABLE_OBJC_WEAK = YES;
				CLANG_WARN_BLOCK_CAPTURE_AUTORELEASING = YES;
				CLANG_WARN_BOOL_CONVERSION = YES;
				CLANG_WARN_COMMA = YES;
				CLANG_WARN_CONSTANT_CONVERSION = YES;
				CLANG_WARN_DEPRECATED_OBJC_IMPLEMENTATIONS = YES;
				CLANG_WARN_DIRECT_OBJC_ISA_USAGE = YES_ERROR;
				CLANG_WARN_DOCUMENTATION_COMMENTS = YES;
				CLANG_WARN_EMPTY_BODY = YES;
				CLANG_WARN_ENUM_CONVERSION = YES;
				CLANG_WARN_INFINITE_RECURSION = YES;
				CLANG_WARN_INT_CONVERSION = YES;
				CLANG_WARN_NON_LITERAL_NULL_CONVERSION = YES;
				CLANG_WARN_OBJC_IMPLICIT_RETAIN_SELF = YES;
				CLANG_WARN_OBJC_LITERAL_CONVERSION = YES;
				CLANG_WARN_OBJC_ROOT_CLASS = YES_ERROR;
				CLANG_WARN_RANGE_LOOP_ANALYSIS = YES;
				CLANG_WARN_STRICT_PROTOTYPES = YES;
				CLANG_WARN_SUSPICIOUS_MOVE = YES;
				CLANG_WARN_UNGUARDED_AVAILABILITY = YES_AGGRESSIVE;
				CLANG_WARN_UNREACHABLE_CODE = YES;
				CLANG_WARN__DUPLICATE_METHOD_MATCH = YES;
				COPY_PHASE_STRIP = NO;
				DEBUG_INFORMATION_FORMAT = "dwarf-with-dsym";
				ENABLE_NS_ASSERTIONS = NO;
				ENABLE_STRICT_OBJC_MSGSEND = YES;
				GCC_C_LANGUAGE_STANDARD = gnu11;
				GCC_NO_COMMON_BLOCKS = YES;
				GCC_WARN_64_TO_32_BIT_CONVERSION = YES;
				GCC_WARN_ABOUT_RETURN_TYPE = YES_ERROR;
				GCC_WARN_UNDECLARED_SELECTOR = YES;
				GCC_WARN_UNINITIALIZED_AUTOS = YES_AGGRESSIVE;
				GCC_WARN_UNUSED_FUNCTION = YES;
				GCC_WARN_UNUSED_VARIABLE = YES;
				MTL_ENABLE_DEBUG_INFO = NO;
				SDKROOT = appletvos;
				SWIFT_COMPILATION_MODE = wholemodule;
				SWIFT_OPTIMIZATION_LEVEL = "-O";
				TVOS_DEPLOYMENT_TARGET = 11.3;
				VALIDATE_PRODUCT = YES;
			};
			name = Release;
		};
		BD6DB47720BDED1E00F8ABDE /* Debug */ = {
			isa = XCBuildConfiguration;
			buildSettings = {
				ASSETCATALOG_COMPILER_APPICON_NAME = "App Icon & Top Shelf Image";
				ASSETCATALOG_COMPILER_LAUNCHIMAGE_NAME = LaunchImage;
				CODE_SIGN_IDENTITY = "iPhone Developer";
				CODE_SIGN_STYLE = Automatic;
				DEVELOPMENT_TEAM = VLLH384AC4;
				INFOPLIST_FILE = "$(SRCROOT)/MiniChallenge8/Misc/Info.plist";
				LD_RUNPATH_SEARCH_PATHS = (
					"$(inherited)",
					"@executable_path/Frameworks",
				);
				PRODUCT_BUNDLE_IDENTIFIER = br.mackmobile.Paciulli.MiniChallenge8;
				PRODUCT_NAME = "$(TARGET_NAME)";
				PROVISIONING_PROFILE_SPECIFIER = "";
				SWIFT_VERSION = 4.0;
				TARGETED_DEVICE_FAMILY = 3;
			};
			name = Debug;
		};
		BD6DB47820BDED1E00F8ABDE /* Release */ = {
			isa = XCBuildConfiguration;
			buildSettings = {
				ASSETCATALOG_COMPILER_APPICON_NAME = "App Icon & Top Shelf Image";
				ASSETCATALOG_COMPILER_LAUNCHIMAGE_NAME = LaunchImage;
				CODE_SIGN_IDENTITY = "iPhone Developer";
				CODE_SIGN_STYLE = Automatic;
				DEVELOPMENT_TEAM = VLLH384AC4;
				INFOPLIST_FILE = "$(SRCROOT)/MiniChallenge8/Misc/Info.plist";
				LD_RUNPATH_SEARCH_PATHS = (
					"$(inherited)",
					"@executable_path/Frameworks",
				);
				PRODUCT_BUNDLE_IDENTIFIER = br.mackmobile.Paciulli.MiniChallenge8;
				PRODUCT_NAME = "$(TARGET_NAME)";
				PROVISIONING_PROFILE_SPECIFIER = "";
				SWIFT_VERSION = 4.0;
				TARGETED_DEVICE_FAMILY = 3;
			};
			name = Release;
		};
		BD6DB47A20BDED1E00F8ABDE /* Debug */ = {
			isa = XCBuildConfiguration;
			buildSettings = {
				ALWAYS_EMBED_SWIFT_STANDARD_LIBRARIES = YES;
				BUNDLE_LOADER = "$(TEST_HOST)";
				CODE_SIGN_STYLE = Automatic;
				DEVELOPMENT_TEAM = VLLH384AC4;
				INFOPLIST_FILE = MiniChallenge8Tests/Info.plist;
				LD_RUNPATH_SEARCH_PATHS = (
					"$(inherited)",
					"@executable_path/Frameworks",
					"@loader_path/Frameworks",
				);
				PRODUCT_BUNDLE_IDENTIFIER = br.mackmobile.Paciulli.MiniChallenge8Tests;
				PRODUCT_NAME = "$(TARGET_NAME)";
				SWIFT_VERSION = 4.0;
				TARGETED_DEVICE_FAMILY = 3;
				TEST_HOST = "$(BUILT_PRODUCTS_DIR)/MiniChallenge8.app/MiniChallenge8";
			};
			name = Debug;
		};
		BD6DB47B20BDED1E00F8ABDE /* Release */ = {
			isa = XCBuildConfiguration;
			buildSettings = {
				ALWAYS_EMBED_SWIFT_STANDARD_LIBRARIES = YES;
				BUNDLE_LOADER = "$(TEST_HOST)";
				CODE_SIGN_STYLE = Automatic;
				DEVELOPMENT_TEAM = VLLH384AC4;
				INFOPLIST_FILE = MiniChallenge8Tests/Info.plist;
				LD_RUNPATH_SEARCH_PATHS = (
					"$(inherited)",
					"@executable_path/Frameworks",
					"@loader_path/Frameworks",
				);
				PRODUCT_BUNDLE_IDENTIFIER = br.mackmobile.Paciulli.MiniChallenge8Tests;
				PRODUCT_NAME = "$(TARGET_NAME)";
				SWIFT_VERSION = 4.0;
				TARGETED_DEVICE_FAMILY = 3;
				TEST_HOST = "$(BUILT_PRODUCTS_DIR)/MiniChallenge8.app/MiniChallenge8";
			};
			name = Release;
		};
		BD6DB47D20BDED1E00F8ABDE /* Debug */ = {
			isa = XCBuildConfiguration;
			buildSettings = {
				ALWAYS_EMBED_SWIFT_STANDARD_LIBRARIES = YES;
				CODE_SIGN_STYLE = Automatic;
				DEVELOPMENT_TEAM = VLLH384AC4;
				INFOPLIST_FILE = MiniChallenge8UITests/Info.plist;
				LD_RUNPATH_SEARCH_PATHS = (
					"$(inherited)",
					"@executable_path/Frameworks",
					"@loader_path/Frameworks",
				);
				PRODUCT_BUNDLE_IDENTIFIER = br.mackmobile.Paciulli.MiniChallenge8UITests;
				PRODUCT_NAME = "$(TARGET_NAME)";
				SWIFT_VERSION = 4.0;
				TARGETED_DEVICE_FAMILY = 3;
				TEST_TARGET_NAME = MiniChallenge8;
			};
			name = Debug;
		};
		BD6DB47E20BDED1E00F8ABDE /* Release */ = {
			isa = XCBuildConfiguration;
			buildSettings = {
				ALWAYS_EMBED_SWIFT_STANDARD_LIBRARIES = YES;
				CODE_SIGN_STYLE = Automatic;
				DEVELOPMENT_TEAM = VLLH384AC4;
				INFOPLIST_FILE = MiniChallenge8UITests/Info.plist;
				LD_RUNPATH_SEARCH_PATHS = (
					"$(inherited)",
					"@executable_path/Frameworks",
					"@loader_path/Frameworks",
				);
				PRODUCT_BUNDLE_IDENTIFIER = br.mackmobile.Paciulli.MiniChallenge8UITests;
				PRODUCT_NAME = "$(TARGET_NAME)";
				SWIFT_VERSION = 4.0;
				TARGETED_DEVICE_FAMILY = 3;
				TEST_TARGET_NAME = MiniChallenge8;
			};
			name = Release;
		};
		BD6DB4A920BDF43D00F8ABDE /* Debug */ = {
			isa = XCBuildConfiguration;
			buildSettings = {
				ASSETCATALOG_COMPILER_APPICON_NAME = AppIcon;
				CODE_SIGN_IDENTITY = "iPhone Developer";
				CODE_SIGN_STYLE = Automatic;
				DEVELOPMENT_TEAM = VLLH384AC4;
				INFOPLIST_FILE = "$(SRCROOT)/MiniChallenge8iOS/Misc/Info.plist";
				IPHONEOS_DEPLOYMENT_TARGET = 11.3;
				LD_RUNPATH_SEARCH_PATHS = (
					"$(inherited)",
					"@executable_path/Frameworks",
				);
				PRODUCT_BUNDLE_IDENTIFIER = br.mackmobile.Paciulli.MiniChallenge8iOS;
				PRODUCT_NAME = "$(TARGET_NAME)";
				SDKROOT = iphoneos;
				SWIFT_VERSION = 4.0;
				TARGETED_DEVICE_FAMILY = "1,2";
			};
			name = Debug;
		};
		BD6DB4AA20BDF43D00F8ABDE /* Release */ = {
			isa = XCBuildConfiguration;
			buildSettings = {
				ASSETCATALOG_COMPILER_APPICON_NAME = AppIcon;
				CODE_SIGN_IDENTITY = "iPhone Developer";
				CODE_SIGN_STYLE = Automatic;
				DEVELOPMENT_TEAM = VLLH384AC4;
				INFOPLIST_FILE = "$(SRCROOT)/MiniChallenge8iOS/Misc/Info.plist";
				IPHONEOS_DEPLOYMENT_TARGET = 11.3;
				LD_RUNPATH_SEARCH_PATHS = (
					"$(inherited)",
					"@executable_path/Frameworks",
				);
				PRODUCT_BUNDLE_IDENTIFIER = br.mackmobile.Paciulli.MiniChallenge8iOS;
				PRODUCT_NAME = "$(TARGET_NAME)";
				SDKROOT = iphoneos;
				SWIFT_VERSION = 4.0;
				TARGETED_DEVICE_FAMILY = "1,2";
			};
			name = Release;
		};
		BD6DB4AC20BDF43D00F8ABDE /* Debug */ = {
			isa = XCBuildConfiguration;
			buildSettings = {
				ALWAYS_EMBED_SWIFT_STANDARD_LIBRARIES = YES;
				BUNDLE_LOADER = "$(TEST_HOST)";
				CODE_SIGN_IDENTITY = "iPhone Developer";
				CODE_SIGN_STYLE = Automatic;
				DEVELOPMENT_TEAM = VLLH384AC4;
				INFOPLIST_FILE = MiniChallenge8iOSTests/Info.plist;
				IPHONEOS_DEPLOYMENT_TARGET = 11.3;
				LD_RUNPATH_SEARCH_PATHS = (
					"$(inherited)",
					"@executable_path/Frameworks",
					"@loader_path/Frameworks",
				);
				PRODUCT_BUNDLE_IDENTIFIER = br.mackmobile.Paciulli.MiniChallenge8iOSTests;
				PRODUCT_NAME = "$(TARGET_NAME)";
				SDKROOT = iphoneos;
				SWIFT_VERSION = 4.0;
				TARGETED_DEVICE_FAMILY = "1,2";
				TEST_HOST = "$(BUILT_PRODUCTS_DIR)/MiniChallenge8iOS.app/MiniChallenge8iOS";
			};
			name = Debug;
		};
		BD6DB4AD20BDF43D00F8ABDE /* Release */ = {
			isa = XCBuildConfiguration;
			buildSettings = {
				ALWAYS_EMBED_SWIFT_STANDARD_LIBRARIES = YES;
				BUNDLE_LOADER = "$(TEST_HOST)";
				CODE_SIGN_IDENTITY = "iPhone Developer";
				CODE_SIGN_STYLE = Automatic;
				DEVELOPMENT_TEAM = VLLH384AC4;
				INFOPLIST_FILE = MiniChallenge8iOSTests/Info.plist;
				IPHONEOS_DEPLOYMENT_TARGET = 11.3;
				LD_RUNPATH_SEARCH_PATHS = (
					"$(inherited)",
					"@executable_path/Frameworks",
					"@loader_path/Frameworks",
				);
				PRODUCT_BUNDLE_IDENTIFIER = br.mackmobile.Paciulli.MiniChallenge8iOSTests;
				PRODUCT_NAME = "$(TARGET_NAME)";
				SDKROOT = iphoneos;
				SWIFT_VERSION = 4.0;
				TARGETED_DEVICE_FAMILY = "1,2";
				TEST_HOST = "$(BUILT_PRODUCTS_DIR)/MiniChallenge8iOS.app/MiniChallenge8iOS";
			};
			name = Release;
		};
		BD6DB4AF20BDF43D00F8ABDE /* Debug */ = {
			isa = XCBuildConfiguration;
			buildSettings = {
				ALWAYS_EMBED_SWIFT_STANDARD_LIBRARIES = YES;
				CODE_SIGN_IDENTITY = "iPhone Developer";
				CODE_SIGN_STYLE = Automatic;
				DEVELOPMENT_TEAM = VLLH384AC4;
				INFOPLIST_FILE = MiniChallenge8iOSUITests/Info.plist;
				IPHONEOS_DEPLOYMENT_TARGET = 11.3;
				LD_RUNPATH_SEARCH_PATHS = (
					"$(inherited)",
					"@executable_path/Frameworks",
					"@loader_path/Frameworks",
				);
				PRODUCT_BUNDLE_IDENTIFIER = br.mackmobile.Paciulli.MiniChallenge8iOSUITests;
				PRODUCT_NAME = "$(TARGET_NAME)";
				SDKROOT = iphoneos;
				SWIFT_VERSION = 4.0;
				TARGETED_DEVICE_FAMILY = "1,2";
				TEST_TARGET_NAME = MiniChallenge8iOS;
			};
			name = Debug;
		};
		BD6DB4B020BDF43D00F8ABDE /* Release */ = {
			isa = XCBuildConfiguration;
			buildSettings = {
				ALWAYS_EMBED_SWIFT_STANDARD_LIBRARIES = YES;
				CODE_SIGN_IDENTITY = "iPhone Developer";
				CODE_SIGN_STYLE = Automatic;
				DEVELOPMENT_TEAM = VLLH384AC4;
				INFOPLIST_FILE = MiniChallenge8iOSUITests/Info.plist;
				IPHONEOS_DEPLOYMENT_TARGET = 11.3;
				LD_RUNPATH_SEARCH_PATHS = (
					"$(inherited)",
					"@executable_path/Frameworks",
					"@loader_path/Frameworks",
				);
				PRODUCT_BUNDLE_IDENTIFIER = br.mackmobile.Paciulli.MiniChallenge8iOSUITests;
				PRODUCT_NAME = "$(TARGET_NAME)";
				SDKROOT = iphoneos;
				SWIFT_VERSION = 4.0;
				TARGETED_DEVICE_FAMILY = "1,2";
				TEST_TARGET_NAME = MiniChallenge8iOS;
			};
			name = Release;
		};
/* End XCBuildConfiguration section */

/* Begin XCConfigurationList section */
		BD6DB44C20BDED1B00F8ABDE /* Build configuration list for PBXProject "MiniChallenge8" */ = {
			isa = XCConfigurationList;
			buildConfigurations = (
				BD6DB47420BDED1E00F8ABDE /* Debug */,
				BD6DB47520BDED1E00F8ABDE /* Release */,
			);
			defaultConfigurationIsVisible = 0;
			defaultConfigurationName = Release;
		};
		BD6DB47620BDED1E00F8ABDE /* Build configuration list for PBXNativeTarget "MiniChallenge8" */ = {
			isa = XCConfigurationList;
			buildConfigurations = (
				BD6DB47720BDED1E00F8ABDE /* Debug */,
				BD6DB47820BDED1E00F8ABDE /* Release */,
			);
			defaultConfigurationIsVisible = 0;
			defaultConfigurationName = Release;
		};
		BD6DB47920BDED1E00F8ABDE /* Build configuration list for PBXNativeTarget "MiniChallenge8Tests" */ = {
			isa = XCConfigurationList;
			buildConfigurations = (
				BD6DB47A20BDED1E00F8ABDE /* Debug */,
				BD6DB47B20BDED1E00F8ABDE /* Release */,
			);
			defaultConfigurationIsVisible = 0;
			defaultConfigurationName = Release;
		};
		BD6DB47C20BDED1E00F8ABDE /* Build configuration list for PBXNativeTarget "MiniChallenge8UITests" */ = {
			isa = XCConfigurationList;
			buildConfigurations = (
				BD6DB47D20BDED1E00F8ABDE /* Debug */,
				BD6DB47E20BDED1E00F8ABDE /* Release */,
			);
			defaultConfigurationIsVisible = 0;
			defaultConfigurationName = Release;
		};
		BD6DB4A820BDF43D00F8ABDE /* Build configuration list for PBXNativeTarget "MiniChallenge8iOS" */ = {
			isa = XCConfigurationList;
			buildConfigurations = (
				BD6DB4A920BDF43D00F8ABDE /* Debug */,
				BD6DB4AA20BDF43D00F8ABDE /* Release */,
			);
			defaultConfigurationIsVisible = 0;
			defaultConfigurationName = Release;
		};
		BD6DB4AB20BDF43D00F8ABDE /* Build configuration list for PBXNativeTarget "MiniChallenge8iOSTests" */ = {
			isa = XCConfigurationList;
			buildConfigurations = (
				BD6DB4AC20BDF43D00F8ABDE /* Debug */,
				BD6DB4AD20BDF43D00F8ABDE /* Release */,
			);
			defaultConfigurationIsVisible = 0;
			defaultConfigurationName = Release;
		};
		BD6DB4AE20BDF43D00F8ABDE /* Build configuration list for PBXNativeTarget "MiniChallenge8iOSUITests" */ = {
			isa = XCConfigurationList;
			buildConfigurations = (
				BD6DB4AF20BDF43D00F8ABDE /* Debug */,
				BD6DB4B020BDF43D00F8ABDE /* Release */,
			);
			defaultConfigurationIsVisible = 0;
			defaultConfigurationName = Release;
		};
/* End XCConfigurationList section */
	};
	rootObject = BD6DB44920BDED1B00F8ABDE /* Project object */;
}
